
Microsoft Visual Studio Solution File, Format Version 12.00
# Visual Studio Version 17
VisualStudioVersion = 17.7.34024.191
MinimumVisualStudioVersion = 10.0.40219.1
Project("{9A19103F-16F7-4668-BE54-9A1E7A4F7556}") = "ProductApi", "Product.Api\ProductApi.csproj", "{59315376-5B91-4E9D-A592-8F2626F3C2B5}"
EndProject
Project("{9A19103F-16F7-4668-BE54-9A1E7A4F7556}") = "ProductApi.Models", "Product.Model\ProductApi.Models.csproj", "{52B6C9BD-D0AA-41E0-87EC-E534CD7C1EBD}"
EndProject
Project("{9A19103F-16F7-4668-BE54-9A1E7A4F7556}") = "ProductApi.Services", "Product.Service\ProductApi.Services.csproj", "{989CAA80-973F-428D-8E23-7B4BD7032845}"
EndProject
Project("{9A19103F-16F7-4668-BE54-9A1E7A4F7556}") = "ProductApi.Service.Interfaces", "Product.Service.Interface\ProductApi.Service.Interfaces.csproj", "{A71D2710-9989-4CB3-A19A-3DB41B6F89E5}"
EndProject
Project("{9A19103F-16F7-4668-BE54-9A1E7A4F7556}") = "ProductApi.Shared.Models", "Product.Shared.Model\ProductApi.Shared.Models.csproj", "{F3FDC504-286E-4FAB-AAE3-44FD76014009}"
EndProject
Project("{2150E333-8FDC-42A3-9474-1A3956D46DE8}") = "Solution Items", "Solution Items", "{22C958C8-98DC-4CDF-BC56-1036E4FC6B59}"
EndProject
Project("{9A19103F-16F7-4668-BE54-9A1E7A4F7556}") = "ProductApi.Interfaces", "ProductApi.Interfaces\ProductApi.Interfaces.csproj", "{B135CE71-62F6-474E-AA26-E8822A4BAD8B}"
EndProject
Project("{9A19103F-16F7-4668-BE54-9A1E7A4F7556}") = "ProductApi.Repositories", "ProductApi.Repositories\ProductApi.Repositories.csproj", "{48A9DEB1-BF8D-411C-905B-1A2287CD6093}"
EndProject
Project("{9A19103F-16F7-4668-BE54-9A1E7A4F7556}") = "ProductApi.IntegrationTests", "ProductApi.IntegrationTests\ProductApi.IntegrationTests.csproj", "{AAE5FD87-4391-42CC-84C1-7F1302BB8F9A}"
EndProject
Project("{2150E333-8FDC-42A3-9474-1A3956D46DE8}") = "Tests", "Tests", "{3B1A4F9C-9AD7-4804-ADD6-A415E7E38601}"
EndProject
Global
	GlobalSection(SolutionConfigurationPlatforms) = preSolution
		Debug|Any CPU = Debug|Any CPU
		Release|Any CPU = Release|Any CPU
	EndGlobalSection
	GlobalSection(ProjectConfigurationPlatforms) = postSolution
		{59315376-5B91-4E9D-A592-8F2626F3C2B5}.Debug|Any CPU.ActiveCfg = Debug|Any CPU
		{59315376-5B91-4E9D-A592-8F2626F3C2B5}.Debug|Any CPU.Build.0 = Debug|Any CPU
		{59315376-5B91-4E9D-A592-8F2626F3C2B5}.Release|Any CPU.ActiveCfg = Release|Any CPU
		{59315376-5B91-4E9D-A592-8F2626F3C2B5}.Release|Any CPU.Build.0 = Release|Any CPU
		{52B6C9BD-D0AA-41E0-87EC-E534CD7C1EBD}.Debug|Any CPU.ActiveCfg = Debug|Any CPU
		{52B6C9BD-D0AA-41E0-87EC-E534CD7C1EBD}.Debug|Any CPU.Build.0 = Debug|Any CPU
		{52B6C9BD-D0AA-41E0-87EC-E534CD7C1EBD}.Release|Any CPU.ActiveCfg = Release|Any CPU
		{52B6C9BD-D0AA-41E0-87EC-E534CD7C1EBD}.Release|Any CPU.Build.0 = Release|Any CPU
		{989CAA80-973F-428D-8E23-7B4BD7032845}.Debug|Any CPU.ActiveCfg = Debug|Any CPU
		{989CAA80-973F-428D-8E23-7B4BD7032845}.Debug|Any CPU.Build.0 = Debug|Any CPU
		{989CAA80-973F-428D-8E23-7B4BD7032845}.Release|Any CPU.ActiveCfg = Release|Any CPU
		{989CAA80-973F-428D-8E23-7B4BD7032845}.Release|Any CPU.Build.0 = Release|Any CPU
		{A71D2710-9989-4CB3-A19A-3DB41B6F89E5}.Debug|Any CPU.ActiveCfg = Debug|Any CPU
		{A71D2710-9989-4CB3-A19A-3DB41B6F89E5}.Debug|Any CPU.Build.0 = Debug|Any CPU
		{A71D2710-9989-4CB3-A19A-3DB41B6F89E5}.Release|Any CPU.ActiveCfg = Release|Any CPU
		{A71D2710-9989-4CB3-A19A-3DB41B6F89E5}.Release|Any CPU.Build.0 = Release|Any CPU
		{F3FDC504-286E-4FAB-AAE3-44FD76014009}.Debug|Any CPU.ActiveCfg = Debug|Any CPU
		{F3FDC504-286E-4FAB-AAE3-44FD76014009}.Debug|Any CPU.Build.0 = Debug|Any CPU
		{F3FDC504-286E-4FAB-AAE3-44FD76014009}.Release|Any CPU.ActiveCfg = Release|Any CPU
		{F3FDC504-286E-4FAB-AAE3-44FD76014009}.Release|Any CPU.Build.0 = Release|Any CPU
		{B135CE71-62F6-474E-AA26-E8822A4BAD8B}.Debug|Any CPU.ActiveCfg = Debug|Any CPU
		{B135CE71-62F6-474E-AA26-E8822A4BAD8B}.Debug|Any CPU.Build.0 = Debug|Any CPU
		{B135CE71-62F6-474E-AA26-E8822A4BAD8B}.Release|Any CPU.ActiveCfg = Release|Any CPU
		{B135CE71-62F6-474E-AA26-E8822A4BAD8B}.Release|Any CPU.Build.0 = Release|Any CPU
		{48A9DEB1-BF8D-411C-905B-1A2287CD6093}.Debug|Any CPU.ActiveCfg = Debug|Any CPU
		{48A9DEB1-BF8D-411C-905B-1A2287CD6093}.Debug|Any CPU.Build.0 = Debug|Any CPU
		{48A9DEB1-BF8D-411C-905B-1A2287CD6093}.Release|Any CPU.ActiveCfg = Release|Any CPU
		{48A9DEB1-BF8D-411C-905B-1A2287CD6093}.Release|Any CPU.Build.0 = Release|Any CPU
		{AAE5FD87-4391-42CC-84C1-7F1302BB8F9A}.Debug|Any CPU.ActiveCfg = Debug|Any CPU
		{AAE5FD87-4391-42CC-84C1-7F1302BB8F9A}.Debug|Any CPU.Build.0 = Debug|Any CPU
		{AAE5FD87-4391-42CC-84C1-7F1302BB8F9A}.Release|Any CPU.ActiveCfg = Release|Any CPU
		{AAE5FD87-4391-42CC-84C1-7F1302BB8F9A}.Release|Any CPU.Build.0 = Release|Any CPU
	EndGlobalSection
	GlobalSection(SolutionProperties) = preSolution
		HideSolutionNode = FALSE
	EndGlobalSection
	GlobalSection(NestedProjects) = preSolution
		{AAE5FD87-4391-42CC-84C1-7F1302BB8F9A} = {3B1A4F9C-9AD7-4804-ADD6-A415E7E38601}
	EndGlobalSection
	GlobalSection(ExtensibilityGlobals) = postSolution
		SolutionGuid = {CC844B53-12CA-4B85-AC17-91563CE29612}
	EndGlobalSection
EndGlobal
